// !$*UTF8*$!
{
	archiveVersion = 1;
	classes = {
	};
	objectVersion = 50;
	objects = {

/* Begin PBXBuildFile section */
		0ABAF0B824B4C60900949BC7 /* AppDelegate.swift in Sources */ = {isa = PBXBuildFile; fileRef = 0ABAF0B724B4C60900949BC7 /* AppDelegate.swift */; };
		0ABAF0BA24B4C60900949BC7 /* SceneDelegate.swift in Sources */ = {isa = PBXBuildFile; fileRef = 0ABAF0B924B4C60900949BC7 /* SceneDelegate.swift */; };
		0ABAF0BC24B4C60900949BC7 /* NearBy.swift in Sources */ = {isa = PBXBuildFile; fileRef = 0ABAF0BB24B4C60900949BC7 /* NearBy.swift */; };
		0ABAF0BF24B4C60900949BC7 /* Main.storyboard in Resources */ = {isa = PBXBuildFile; fileRef = 0ABAF0BD24B4C60900949BC7 /* Main.storyboard */; };
		0ABAF0C224B4C60900949BC7 /* NearBy.xcdatamodeld in Sources */ = {isa = PBXBuildFile; fileRef = 0ABAF0C024B4C60900949BC7 /* NearBy.xcdatamodeld */; };
		0ABAF0C424B4C60A00949BC7 /* Assets.xcassets in Resources */ = {isa = PBXBuildFile; fileRef = 0ABAF0C324B4C60A00949BC7 /* Assets.xcassets */; };
		0ABAF0C724B4C60A00949BC7 /* LaunchScreen.storyboard in Resources */ = {isa = PBXBuildFile; fileRef = 0ABAF0C524B4C60A00949BC7 /* LaunchScreen.storyboard */; };
		0ABAF0D424B4CC7900949BC7 /* EndPointProtocol.swift in Sources */ = {isa = PBXBuildFile; fileRef = 0ABAF0D324B4CC7900949BC7 /* EndPointProtocol.swift */; };
		0ABAF0D624B4CC8F00949BC7 /*  FoursquareEndPoints.swift in Sources */ = {isa = PBXBuildFile; fileRef = 0ABAF0D524B4CC8F00949BC7 /*  FoursquareEndPoints.swift */; };
		0ABAF0D824B4CCAB00949BC7 /* NetworkEngine.swift in Sources */ = {isa = PBXBuildFile; fileRef = 0ABAF0D724B4CCAB00949BC7 /* NetworkEngine.swift */; };
		0ABAF0DA24B4CCBA00949BC7 /*  FoursquareServices.swift in Sources */ = {isa = PBXBuildFile; fileRef = 0ABAF0D924B4CCBA00949BC7 /*  FoursquareServices.swift */; };
		0ABAF0DE24B4DD9900949BC7 /* ResultType.swift in Sources */ = {isa = PBXBuildFile; fileRef = 0ABAF0DD24B4DD9900949BC7 /* ResultType.swift */; };
		0ABAF0E024B4DFBA00949BC7 /* ExploreModel.swift in Sources */ = {isa = PBXBuildFile; fileRef = 0ABAF0DF24B4DFBA00949BC7 /* ExploreModel.swift */; };
		0ABAF0E224B4F5C300949BC7 /* Extensions.swift in Sources */ = {isa = PBXBuildFile; fileRef = 0ABAF0E124B4F5C300949BC7 /* Extensions.swift */; };
		0ABAF0E824B5D86800949BC7 /* VenuePhotoResponse.swift in Sources */ = {isa = PBXBuildFile; fileRef = 0ABAF0E724B5D86800949BC7 /* VenuePhotoResponse.swift */; };
		0ABAF0EC24B5E99A00949BC7 /* VenueTableViewCell.swift in Sources */ = {isa = PBXBuildFile; fileRef = 0ABAF0EA24B5E99A00949BC7 /* VenueTableViewCell.swift */; };
		0ABAF0ED24B5E99A00949BC7 /* VenueTableViewCell.xib in Resources */ = {isa = PBXBuildFile; fileRef = 0ABAF0EB24B5E99A00949BC7 /* VenueTableViewCell.xib */; };
		0ABAF0EF24B6642E00949BC7 /* LocationService.swift in Sources */ = {isa = PBXBuildFile; fileRef = 0ABAF0EE24B6642E00949BC7 /* LocationService.swift */; };
/* End PBXBuildFile section */

/* Begin PBXFileReference section */
		0ABAF0B424B4C60900949BC7 /* NearBy.app */ = {isa = PBXFileReference; explicitFileType = wrapper.application; includeInIndex = 0; path = NearBy.app; sourceTree = BUILT_PRODUCTS_DIR; };
		0ABAF0B724B4C60900949BC7 /* AppDelegate.swift */ = {isa = PBXFileReference; lastKnownFileType = sourcecode.swift; path = AppDelegate.swift; sourceTree = "<group>"; };
		0ABAF0B924B4C60900949BC7 /* SceneDelegate.swift */ = {isa = PBXFileReference; lastKnownFileType = sourcecode.swift; path = SceneDelegate.swift; sourceTree = "<group>"; };
		0ABAF0BB24B4C60900949BC7 /* NearBy.swift */ = {isa = PBXFileReference; lastKnownFileType = sourcecode.swift; path = NearBy.swift; sourceTree = "<group>"; };
		0ABAF0BE24B4C60900949BC7 /* Base */ = {isa = PBXFileReference; lastKnownFileType = file.storyboard; name = Base; path = Base.lproj/Main.storyboard; sourceTree = "<group>"; };
		0ABAF0C124B4C60900949BC7 /* NearBy.xcdatamodel */ = {isa = PBXFileReference; lastKnownFileType = wrapper.xcdatamodel; path = NearBy.xcdatamodel; sourceTree = "<group>"; };
		0ABAF0C324B4C60A00949BC7 /* Assets.xcassets */ = {isa = PBXFileReference; lastKnownFileType = folder.assetcatalog; path = Assets.xcassets; sourceTree = "<group>"; };
		0ABAF0C624B4C60A00949BC7 /* Base */ = {isa = PBXFileReference; lastKnownFileType = file.storyboard; name = Base; path = Base.lproj/LaunchScreen.storyboard; sourceTree = "<group>"; };
		0ABAF0C824B4C60A00949BC7 /* Info.plist */ = {isa = PBXFileReference; lastKnownFileType = text.plist.xml; path = Info.plist; sourceTree = "<group>"; };
		0ABAF0D324B4CC7900949BC7 /* EndPointProtocol.swift */ = {isa = PBXFileReference; lastKnownFileType = sourcecode.swift; path = EndPointProtocol.swift; sourceTree = "<group>"; };
		0ABAF0D524B4CC8F00949BC7 /*  FoursquareEndPoints.swift */ = {isa = PBXFileReference; lastKnownFileType = sourcecode.swift; path = " FoursquareEndPoints.swift"; sourceTree = "<group>"; };
		0ABAF0D724B4CCAB00949BC7 /* NetworkEngine.swift */ = {isa = PBXFileReference; lastKnownFileType = sourcecode.swift; path = NetworkEngine.swift; sourceTree = "<group>"; };
		0ABAF0D924B4CCBA00949BC7 /*  FoursquareServices.swift */ = {isa = PBXFileReference; lastKnownFileType = sourcecode.swift; path = " FoursquareServices.swift"; sourceTree = "<group>"; };
		0ABAF0DD24B4DD9900949BC7 /* ResultType.swift */ = {isa = PBXFileReference; lastKnownFileType = sourcecode.swift; path = ResultType.swift; sourceTree = "<group>"; };
		0ABAF0DF24B4DFBA00949BC7 /* ExploreModel.swift */ = {isa = PBXFileReference; lastKnownFileType = sourcecode.swift; path = ExploreModel.swift; sourceTree = "<group>"; };
		0ABAF0E124B4F5C300949BC7 /* Extensions.swift */ = {isa = PBXFileReference; lastKnownFileType = sourcecode.swift; path = Extensions.swift; sourceTree = "<group>"; };
		0ABAF0E724B5D86800949BC7 /* VenuePhotoResponse.swift */ = {isa = PBXFileReference; lastKnownFileType = sourcecode.swift; path = VenuePhotoResponse.swift; sourceTree = "<group>"; };
		0ABAF0EA24B5E99A00949BC7 /* VenueTableViewCell.swift */ = {isa = PBXFileReference; lastKnownFileType = sourcecode.swift; path = VenueTableViewCell.swift; sourceTree = "<group>"; };
		0ABAF0EB24B5E99A00949BC7 /* VenueTableViewCell.xib */ = {isa = PBXFileReference; lastKnownFileType = file.xib; path = VenueTableViewCell.xib; sourceTree = "<group>"; };
		0ABAF0EE24B6642E00949BC7 /* LocationService.swift */ = {isa = PBXFileReference; lastKnownFileType = sourcecode.swift; path = LocationService.swift; sourceTree = "<group>"; };
/* End PBXFileReference section */

/* Begin PBXFrameworksBuildPhase section */
		0ABAF0B124B4C60900949BC7 /* Frameworks */ = {
			isa = PBXFrameworksBuildPhase;
			buildActionMask = 2147483647;
			files = (
			);
			runOnlyForDeploymentPostprocessing = 0;
		};
/* End PBXFrameworksBuildPhase section */

/* Begin PBXGroup section */
		0ABAF0AB24B4C60900949BC7 = {
			isa = PBXGroup;
			children = (
				0ABAF0B624B4C60900949BC7 /* NearBy */,
				0ABAF0B524B4C60900949BC7 /* Products */,
			);
			sourceTree = "<group>";
		};
		0ABAF0B524B4C60900949BC7 /* Products */ = {
			isa = PBXGroup;
			children = (
				0ABAF0B424B4C60900949BC7 /* NearBy.app */,
			);
			name = Products;
			sourceTree = "<group>";
		};
		0ABAF0B624B4C60900949BC7 /* NearBy */ = {
			isa = PBXGroup;
			children = (
				0ABAF0CE24B4CBC400949BC7 /* Core */,
				0ABAF0D224B4CC4A00949BC7 /* NetworkLayer */,
				0ABAF0D024B4CC1400949BC7 /* Models */,
				0ABAF0D124B4CC2900949BC7 /* Views */,
				0ABAF0CF24B4CBD800949BC7 /* ViewControllers */,
				0ABAF0C824B4C60A00949BC7 /* Info.plist */,
				0ABAF0C024B4C60900949BC7 /* NearBy.xcdatamodeld */,
			);
			path = NearBy;
			sourceTree = "<group>";
		};
		0ABAF0CE24B4CBC400949BC7 /* Core */ = {
			isa = PBXGroup;
			children = (
				0ABAF0B724B4C60900949BC7 /* AppDelegate.swift */,
				0ABAF0B924B4C60900949BC7 /* SceneDelegate.swift */,
			);
			path = Core;
			sourceTree = "<group>";
		};
		0ABAF0CF24B4CBD800949BC7 /* ViewControllers */ = {
			isa = PBXGroup;
			children = (
				0ABAF0BB24B4C60900949BC7 /* NearBy.swift */,
				0ABAF0EE24B6642E00949BC7 /* LocationService.swift */,
			);
			path = ViewControllers;
			sourceTree = "<group>";
		};
		0ABAF0D024B4CC1400949BC7 /* Models */ = {
			isa = PBXGroup;
			children = (
				0ABAF0DF24B4DFBA00949BC7 /* ExploreModel.swift */,
				0ABAF0E724B5D86800949BC7 /* VenuePhotoResponse.swift */,
			);
			path = Models;
			sourceTree = "<group>";
		};
		0ABAF0D124B4CC2900949BC7 /* Views */ = {
			isa = PBXGroup;
			children = (
				0ABAF0E924B5E95A00949BC7 /* CustomTableViewCells */,
				0ABAF0BD24B4C60900949BC7 /* Main.storyboard */,
				0ABAF0C524B4C60A00949BC7 /* LaunchScreen.storyboard */,
				0ABAF0C324B4C60A00949BC7 /* Assets.xcassets */,
			);
			path = Views;
			sourceTree = "<group>";
		};
		0ABAF0D224B4CC4A00949BC7 /* NetworkLayer */ = {
			isa = PBXGroup;
			children = (
				0ABAF0DB24B4CE1C00949BC7 /* EndPoints */,
				0ABAF0DC24B4CE3200949BC7 /* Services */,
				0ABAF0E124B4F5C300949BC7 /* Extensions.swift */,
			);
			path = NetworkLayer;
			sourceTree = "<group>";
		};
		0ABAF0DB24B4CE1C00949BC7 /* EndPoints */ = {
			isa = PBXGroup;
			children = (
				0ABAF0D324B4CC7900949BC7 /* EndPointProtocol.swift */,
				0ABAF0D524B4CC8F00949BC7 /*  FoursquareEndPoints.swift */,
			);
			path = EndPoints;
			sourceTree = "<group>";
		};
		0ABAF0DC24B4CE3200949BC7 /* Services */ = {
			isa = PBXGroup;
			children = (
				0ABAF0D724B4CCAB00949BC7 /* NetworkEngine.swift */,
				0ABAF0D924B4CCBA00949BC7 /*  FoursquareServices.swift */,
				0ABAF0DD24B4DD9900949BC7 /* ResultType.swift */,
			);
			path = Services;
			sourceTree = "<group>";
		};
		0ABAF0E924B5E95A00949BC7 /* CustomTableViewCells */ = {
			isa = PBXGroup;
			children = (
				0ABAF0EA24B5E99A00949BC7 /* VenueTableViewCell.swift */,
				0ABAF0EB24B5E99A00949BC7 /* VenueTableViewCell.xib */,
			);
			path = CustomTableViewCells;
			sourceTree = "<group>";
		};
/* End PBXGroup section */

/* Begin PBXNativeTarget section */
		0ABAF0B324B4C60900949BC7 /* NearBy */ = {
			isa = PBXNativeTarget;
			buildConfigurationList = 0ABAF0CB24B4C60A00949BC7 /* Build configuration list for PBXNativeTarget "NearBy" */;
			buildPhases = (
				0ABAF0B024B4C60900949BC7 /* Sources */,
				0ABAF0B124B4C60900949BC7 /* Frameworks */,
				0ABAF0B224B4C60900949BC7 /* Resources */,
			);
			buildRules = (
			);
			dependencies = (
			);
			name = NearBy;
			productName = NearBy;
			productReference = 0ABAF0B424B4C60900949BC7 /* NearBy.app */;
			productType = "com.apple.product-type.application";
		};
/* End PBXNativeTarget section */

/* Begin PBXProject section */
		0ABAF0AC24B4C60900949BC7 /* Project object */ = {
			isa = PBXProject;
			attributes = {
				LastSwiftUpdateCheck = 1140;
				LastUpgradeCheck = 1140;
				ORGANIZATIONNAME = Diab;
				TargetAttributes = {
					0ABAF0B324B4C60900949BC7 = {
						CreatedOnToolsVersion = 11.4.1;
					};
				};
			};
			buildConfigurationList = 0ABAF0AF24B4C60900949BC7 /* Build configuration list for PBXProject "NearBy" */;
			compatibilityVersion = "Xcode 9.3";
			developmentRegion = en;
			hasScannedForEncodings = 0;
			knownRegions = (
				en,
				Base,
			);
			mainGroup = 0ABAF0AB24B4C60900949BC7;
			productRefGroup = 0ABAF0B524B4C60900949BC7 /* Products */;
			projectDirPath = "";
			projectRoot = "";
			targets = (
				0ABAF0B324B4C60900949BC7 /* NearBy */,
			);
		};
/* End PBXProject section */

/* Begin PBXResourcesBuildPhase section */
		0ABAF0B224B4C60900949BC7 /* Resources */ = {
			isa = PBXResourcesBuildPhase;
			buildActionMask = 2147483647;
			files = (
				0ABAF0C724B4C60A00949BC7 /* LaunchScreen.storyboard in Resources */,
				0ABAF0ED24B5E99A00949BC7 /* VenueTableViewCell.xib in Resources */,
				0ABAF0C424B4C60A00949BC7 /* Assets.xcassets in Resources */,
				0ABAF0BF24B4C60900949BC7 /* Main.storyboard in Resources */,
			);
			runOnlyForDeploymentPostprocessing = 0;
		};
/* End PBXResourcesBuildPhase section */

/* Begin PBXSourcesBuildPhase section */
		0ABAF0B024B4C60900949BC7 /* Sources */ = {
			isa = PBXSourcesBuildPhase;
			buildActionMask = 2147483647;
			files = (
				0ABAF0EF24B6642E00949BC7 /* LocationService.swift in Sources */,
				0ABAF0D624B4CC8F00949BC7 /*  FoursquareEndPoints.swift in Sources */,
				0ABAF0E024B4DFBA00949BC7 /* ExploreModel.swift in Sources */,
				0ABAF0EC24B5E99A00949BC7 /* VenueTableViewCell.swift in Sources */,
				0ABAF0C224B4C60900949BC7 /* NearBy.xcdatamodeld in Sources */,
				0ABAF0D824B4CCAB00949BC7 /* NetworkEngine.swift in Sources */,
				0ABAF0DA24B4CCBA00949BC7 /*  FoursquareServices.swift in Sources */,
				0ABAF0DE24B4DD9900949BC7 /* ResultType.swift in Sources */,
				0ABAF0E824B5D86800949BC7 /* VenuePhotoResponse.swift in Sources */,
				0ABAF0BC24B4C60900949BC7 /* NearBy.swift in Sources */,
				0ABAF0D424B4CC7900949BC7 /* EndPointProtocol.swift in Sources */,
				0ABAF0B824B4C60900949BC7 /* AppDelegate.swift in Sources */,
				0ABAF0E224B4F5C300949BC7 /* Extensions.swift in Sources */,
				0ABAF0BA24B4C60900949BC7 /* SceneDelegate.swift in Sources */,
			);
			runOnlyForDeploymentPostprocessing = 0;
		};
/* End PBXSourcesBuildPhase section */

/* Begin PBXVariantGroup section */
		0ABAF0BD24B4C60900949BC7 /* Main.storyboard */ = {
			isa = PBXVariantGroup;
			children = (
				0ABAF0BE24B4C60900949BC7 /* Base */,
			);
			name = Main.storyboard;
			sourceTree = "<group>";
		};
		0ABAF0C524B4C60A00949BC7 /* LaunchScreen.storyboard */ = {
			isa = PBXVariantGroup;
			children = (
				0ABAF0C624B4C60A00949BC7 /* Base */,
			);
			name = LaunchScreen.storyboard;
			sourceTree = "<group>";
		};
/* End PBXVariantGroup section */

/* Begin XCBuildConfiguration section */
		0ABAF0C924B4C60A00949BC7 /* Debug */ = {
			isa = XCBuildConfiguration;
			buildSettings = {
				ALWAYS_SEARCH_USER_PATHS = NO;
				CLANG_ANALYZER_NONNULL = YES;
				CLANG_ANALYZER_NUMBER_OBJECT_CONVERSION = YES_AGGRESSIVE;
				CLANG_CXX_LANGUAGE_STANDARD = "gnu++14";
				CLANG_CXX_LIBRARY = "libc++";
				CLANG_ENABLE_MODULES = YES;
				CLANG_ENABLE_OBJC_ARC = YES;
				CLANG_ENABLE_OBJC_WEAK = YES;
				CLANG_WARN_BLOCK_CAPTURE_AUTORELEASING = YES;
				CLANG_WARN_BOOL_CONVERSION = YES;
				CLANG_WARN_COMMA = YES;
				CLANG_WARN_CONSTANT_CONVERSION = YES;
				CLANG_WARN_DEPRECATED_OBJC_IMPLEMENTATIONS = YES;
				CLANG_WARN_DIRECT_OBJC_ISA_USAGE = YES_ERROR;
				CLANG_WARN_DOCUMENTATION_COMMENTS = YES;
				CLANG_WARN_EMPTY_BODY = YES;
				CLANG_WARN_ENUM_CONVERSION = YES;
				CLANG_WARN_INFINITE_RECURSION = YES;
				CLANG_WARN_INT_CONVERSION = YES;
				CLANG_WARN_NON_LITERAL_NULL_CONVERSION = YES;
				CLANG_WARN_OBJC_IMPLICIT_RETAIN_SELF = YES;
				CLANG_WARN_OBJC_LITERAL_CONVERSION = YES;
				CLANG_WARN_OBJC_ROOT_CLASS = YES_ERROR;
				CLANG_WARN_RANGE_LOOP_ANALYSIS = YES;
				CLANG_WARN_STRICT_PROTOTYPES = YES;
				CLANG_WARN_SUSPICIOUS_MOVE = YES;
				CLANG_WARN_UNGUARDED_AVAILABILITY = YES_AGGRESSIVE;
				CLANG_WARN_UNREACHABLE_CODE = YES;
				CLANG_WARN__DUPLICATE_METHOD_MATCH = YES;
				COPY_PHASE_STRIP = NO;
				DEBUG_INFORMATION_FORMAT = dwarf;
				ENABLE_STRICT_OBJC_MSGSEND = YES;
				ENABLE_TESTABILITY = YES;
				GCC_C_LANGUAGE_STANDARD = gnu11;
				GCC_DYNAMIC_NO_PIC = NO;
				GCC_NO_COMMON_BLOCKS = YES;
				GCC_OPTIMIZATION_LEVEL = 0;
				GCC_PREPROCESSOR_DEFINITIONS = (
					"DEBUG=1",
					"$(inherited)",
				);
				GCC_WARN_64_TO_32_BIT_CONVERSION = YES;
				GCC_WARN_ABOUT_RETURN_TYPE = YES_ERROR;
				GCC_WARN_UNDECLARED_SELECTOR = YES;
				GCC_WARN_UNINITIALIZED_AUTOS = YES_AGGRESSIVE;
				GCC_WARN_UNUSED_FUNCTION = YES;
				GCC_WARN_UNUSED_VARIABLE = YES;
				IPHONEOS_DEPLOYMENT_TARGET = 13.4;
				MTL_ENABLE_DEBUG_INFO = INCLUDE_SOURCE;
				MTL_FAST_MATH = YES;
				ONLY_ACTIVE_ARCH = YES;
				SDKROOT = iphoneos;
				SWIFT_ACTIVE_COMPILATION_CONDITIONS = DEBUG;
				SWIFT_OPTIMIZATION_LEVEL = "-Onone";
			};
			name = Debug;
		};
		0ABAF0CA24B4C60A00949BC7 /* Release */ = {
			isa = XCBuildConfiguration;
			buildSettings = {
				ALWAYS_SEARCH_USER_PATHS = NO;
				CLANG_ANALYZER_NONNULL = YES;
				CLANG_ANALYZER_NUMBER_OBJECT_CONVERSION = YES_AGGRESSIVE;
				CLANG_CXX_LANGUAGE_STANDARD = "gnu++14";
				CLANG_CXX_LIBRARY = "libc++";
				CLANG_ENABLE_MODULES = YES;
				CLANG_ENABLE_OBJC_ARC = YES;
				CLANG_ENABLE_OBJC_WEAK = YES;
				CLANG_WARN_BLOCK_CAPTURE_AUTORELEASING = YES;
				CLANG_WARN_BOOL_CONVERSION = YES;
				CLANG_WARN_COMMA = YES;
				CLANG_WARN_CONSTANT_CONVERSION = YES;
				CLANG_WARN_DEPRECATED_OBJC_IMPLEMENTATIONS = YES;
				CLANG_WARN_DIRECT_OBJC_ISA_USAGE = YES_ERROR;
				CLANG_WARN_DOCUMENTATION_COMMENTS = YES;
				CLANG_WARN_EMPTY_BODY = YES;
				CLANG_WARN_ENUM_CONVERSION = YES;
				CLANG_WARN_INFINITE_RECURSION = YES;
				CLANG_WARN_INT_CONVERSION = YES;
				CLANG_WARN_NON_LITERAL_NULL_CONVERSION = YES;
				CLANG_WARN_OBJC_IMPLICIT_RETAIN_SELF = YES;
				CLANG_WARN_OBJC_LITERAL_CONVERSION = YES;
				CLANG_WARN_OBJC_ROOT_CLASS = YES_ERROR;
				CLANG_WARN_RANGE_LOOP_ANALYSIS = YES;
				CLANG_WARN_STRICT_PROTOTYPES = YES;
				CLANG_WARN_SUSPICIOUS_MOVE = YES;
				CLANG_WARN_UNGUARDED_AVAILABILITY = YES_AGGRESSIVE;
				CLANG_WARN_UNREACHABLE_CODE = YES;
				CLANG_WARN__DUPLICATE_METHOD_MATCH = YES;
				COPY_PHASE_STRIP = NO;
				DEBUG_INFORMATION_FORMAT = "dwarf-with-dsym";
				ENABLE_NS_ASSERTIONS = NO;
				ENABLE_STRICT_OBJC_MSGSEND = YES;
				GCC_C_LANGUAGE_STANDARD = gnu11;
				GCC_NO_COMMON_BLOCKS = YES;
				GCC_WARN_64_TO_32_BIT_CONVERSION = YES;
				GCC_WARN_ABOUT_RETURN_TYPE = YES_ERROR;
				GCC_WARN_UNDECLARED_SELECTOR = YES;
				GCC_WARN_UNINITIALIZED_AUTOS = YES_AGGRESSIVE;
				GCC_WARN_UNUSED_FUNCTION = YES;
				GCC_WARN_UNUSED_VARIABLE = YES;
				IPHONEOS_DEPLOYMENT_TARGET = 13.4;
				MTL_ENABLE_DEBUG_INFO = NO;
				MTL_FAST_MATH = YES;
				SDKROOT = iphoneos;
				SWIFT_COMPILATION_MODE = wholemodule;
				SWIFT_OPTIMIZATION_LEVEL = "-O";
				VALIDATE_PRODUCT = YES;
			};
			name = Release;
		};
		0ABAF0CC24B4C60A00949BC7 /* Debug */ = {
			isa = XCBuildConfiguration;
			buildSettings = {
				ASSETCATALOG_COMPILER_APPICON_NAME = AppIcon;
				CODE_SIGN_STYLE = Automatic;
				INFOPLIST_FILE = NearBy/Info.plist;
				LD_RUNPATH_SEARCH_PATHS = (
					"$(inherited)",
					"@executable_path/Frameworks",
				);
				PRODUCT_BUNDLE_IDENTIFIER = com.Diab.NearBy;
				PRODUCT_NAME = "$(TARGET_NAME)";
				SWIFT_VERSION = 5.0;
				TARGETED_DEVICE_FAMILY = "1,2";
			};
			name = Debug;
		};
		0ABAF0CD24B4C60A00949BC7 /* Release */ = {
			isa = XCBuildConfiguration;
			buildSettings = {
				ASSETCATALOG_COMPILER_APPICON_NAME = AppIcon;
				CODE_SIGN_STYLE = Automatic;
				INFOPLIST_FILE = NearBy/Info.plist;
				LD_RUNPATH_SEARCH_PATHS = (
					"$(inherited)",
					"@executable_path/Frameworks",
				);
				PRODUCT_BUNDLE_IDENTIFIER = com.Diab.NearBy;
				PRODUCT_NAME = "$(TARGET_NAME)";
				SWIFT_VERSION = 5.0;
				TARGETED_DEVICE_FAMILY = "1,2";
			};
			name = Release;
		};
/* End XCBuildConfiguration section */

/* Begin XCConfigurationList section */
		0ABAF0AF24B4C60900949BC7 /* Build configuration list for PBXProject "NearBy" */ = {
			isa = XCConfigurationList;
			buildConfigurations = (
				0ABAF0C924B4C60A00949BC7 /* Debug */,
				0ABAF0CA24B4C60A00949BC7 /* Release */,
			);
			defaultConfigurationIsVisible = 0;
			defaultConfigurationName = Release;
		};
		0ABAF0CB24B4C60A00949BC7 /* Build configuration list for PBXNativeTarget "NearBy" */ = {
			isa = XCConfigurationList;
			buildConfigurations = (
				0ABAF0CC24B4C60A00949BC7 /* Debug */,
				0ABAF0CD24B4C60A00949BC7 /* Release */,
			);
			defaultConfigurationIsVisible = 0;
			defaultConfigurationName = Release;
		};
/* End XCConfigurationList section */

/* Begin XCVersionGroup section */
		0ABAF0C024B4C60900949BC7 /* NearBy.xcdatamodeld */ = {
			isa = XCVersionGroup;
			children = (
				0ABAF0C124B4C60900949BC7 /* NearBy.xcdatamodel */,
			);
			currentVersion = 0ABAF0C124B4C60900949BC7 /* NearBy.xcdatamodel */;
			path = NearBy.xcdatamodeld;
			sourceTree = "<group>";
			versionGroupType = wrapper.xcdatamodel;
		};
/* End XCVersionGroup section */
	};
	rootObject = 0ABAF0AC24B4C60900949BC7 /* Project object */;
}
